// !$*UTF8*$!
{
	archiveVersion = 1;
	classes = {
	};
	objectVersion = 50;
	objects = {

/* Begin PBXBuildFile section */
		02388FE224693E02004B3B90 /* categorie.swift in Sources */ = {isa = PBXBuildFile; fileRef = 02388FE124693E02004B3B90 /* categorie.swift */; };
		02388FE424698CB9004B3B90 /* CategorieSort.swift in Sources */ = {isa = PBXBuildFile; fileRef = 02388FE324698CB9004B3B90 /* CategorieSort.swift */; };
		02388FEB246AA2C7004B3B90 /* ButtonRepar.swift in Sources */ = {isa = PBXBuildFile; fileRef = 02388FEA246AA2C7004B3B90 /* ButtonRepar.swift */; };
		02388FED246AA4E6004B3B90 /* ButtonJeter.swift in Sources */ = {isa = PBXBuildFile; fileRef = 02388FEC246AA4E6004B3B90 /* ButtonJeter.swift */; };
		6B41C34B246428F500CB5EEF /* AppDelegate.swift in Sources */ = {isa = PBXBuildFile; fileRef = 6B41C34A246428F500CB5EEF /* AppDelegate.swift */; };
		6B41C34D246428F500CB5EEF /* SceneDelegate.swift in Sources */ = {isa = PBXBuildFile; fileRef = 6B41C34C246428F500CB5EEF /* SceneDelegate.swift */; };
		6B41C34F246428F500CB5EEF /* ContentView.swift in Sources */ = {isa = PBXBuildFile; fileRef = 6B41C34E246428F500CB5EEF /* ContentView.swift */; };
		6B41C351246428F700CB5EEF /* Assets.xcassets in Resources */ = {isa = PBXBuildFile; fileRef = 6B41C350246428F700CB5EEF /* Assets.xcassets */; };
		6B41C354246428F700CB5EEF /* Preview Assets.xcassets in Resources */ = {isa = PBXBuildFile; fileRef = 6B41C353246428F700CB5EEF /* Preview Assets.xcassets */; };
		6B41C357246428F700CB5EEF /* LaunchScreen.storyboard in Resources */ = {isa = PBXBuildFile; fileRef = 6B41C355246428F700CB5EEF /* LaunchScreen.storyboard */; };
		8C0A9531246941070012999C /* Color+extension.swift in Sources */ = {isa = PBXBuildFile; fileRef = 8C0A9530246941070012999C /* Color+extension.swift */; };
		8C0A95332469418D0012999C /* CategorieView.swift in Sources */ = {isa = PBXBuildFile; fileRef = 8C0A95322469418D0012999C /* CategorieView.swift */; };
		8C0A9535246941DB0012999C /* CategoriesData.swift in Sources */ = {isa = PBXBuildFile; fileRef = 8C0A9534246941DB0012999C /* CategoriesData.swift */; };
		8C0A953724696C230012999C /* AvecBois.swift in Sources */ = {isa = PBXBuildFile; fileRef = 8C0A953624696C230012999C /* AvecBois.swift */; };
		8C0A953924696D940012999C /* ChoosedWood.swift in Sources */ = {isa = PBXBuildFile; fileRef = 8C0A953824696D940012999C /* ChoosedWood.swift */; };
		8C4235E2246A87E600EDB024 /* CategoriesDechetsView.swift in Sources */ = {isa = PBXBuildFile; fileRef = 8C4235E1246A87E600EDB024 /* CategoriesDechetsView.swift */; };
		8C4235EC246AD73600EDB024 /* Categorie2View.swift in Sources */ = {isa = PBXBuildFile; fileRef = 8C4235EB246AD73600EDB024 /* Categorie2View.swift */; };
		8CE054F1246BF30E009F9A79 /* SBSwiftUIView.swift in Sources */ = {isa = PBXBuildFile; fileRef = 8CE054F0246BF30E009F9A79 /* SBSwiftUIView.swift */; };
/* End PBXBuildFile section */

/* Begin PBXFileReference section */
		02388FE124693E02004B3B90 /* categorie.swift */ = {isa = PBXFileReference; lastKnownFileType = sourcecode.swift; path = categorie.swift; sourceTree = "<group>"; };
		02388FE324698CB9004B3B90 /* CategorieSort.swift */ = {isa = PBXFileReference; lastKnownFileType = sourcecode.swift; path = CategorieSort.swift; sourceTree = "<group>"; };
		02388FEA246AA2C7004B3B90 /* ButtonRepar.swift */ = {isa = PBXFileReference; lastKnownFileType = sourcecode.swift; path = ButtonRepar.swift; sourceTree = "<group>"; };
		02388FEC246AA4E6004B3B90 /* ButtonJeter.swift */ = {isa = PBXFileReference; indentWidth = 4; lastKnownFileType = sourcecode.swift; path = ButtonJeter.swift; sourceTree = "<group>"; tabWidth = 4; };
		6B41C347246428F500CB5EEF /* recyclaid.app */ = {isa = PBXFileReference; explicitFileType = wrapper.application; includeInIndex = 0; path = recyclaid.app; sourceTree = BUILT_PRODUCTS_DIR; };
		6B41C34A246428F500CB5EEF /* AppDelegate.swift */ = {isa = PBXFileReference; lastKnownFileType = sourcecode.swift; path = AppDelegate.swift; sourceTree = "<group>"; };
		6B41C34C246428F500CB5EEF /* SceneDelegate.swift */ = {isa = PBXFileReference; lastKnownFileType = sourcecode.swift; path = SceneDelegate.swift; sourceTree = "<group>"; };
		6B41C34E246428F500CB5EEF /* ContentView.swift */ = {isa = PBXFileReference; lastKnownFileType = sourcecode.swift; path = ContentView.swift; sourceTree = "<group>"; };
		6B41C350246428F700CB5EEF /* Assets.xcassets */ = {isa = PBXFileReference; lastKnownFileType = folder.assetcatalog; path = Assets.xcassets; sourceTree = "<group>"; };
		6B41C353246428F700CB5EEF /* Preview Assets.xcassets */ = {isa = PBXFileReference; lastKnownFileType = folder.assetcatalog; path = "Preview Assets.xcassets"; sourceTree = "<group>"; };
		6B41C356246428F700CB5EEF /* Base */ = {isa = PBXFileReference; lastKnownFileType = file.storyboard; name = Base; path = Base.lproj/LaunchScreen.storyboard; sourceTree = "<group>"; };
		6B41C358246428F700CB5EEF /* Info.plist */ = {isa = PBXFileReference; lastKnownFileType = text.plist.xml; path = Info.plist; sourceTree = "<group>"; };
		8C0A9530246941070012999C /* Color+extension.swift */ = {isa = PBXFileReference; lastKnownFileType = sourcecode.swift; path = "Color+extension.swift"; sourceTree = "<group>"; };
		8C0A95322469418D0012999C /* CategorieView.swift */ = {isa = PBXFileReference; lastKnownFileType = sourcecode.swift; path = CategorieView.swift; sourceTree = "<group>"; };
		8C0A9534246941DB0012999C /* CategoriesData.swift */ = {isa = PBXFileReference; lastKnownFileType = sourcecode.swift; path = CategoriesData.swift; sourceTree = "<group>"; };
		8C0A953624696C230012999C /* AvecBois.swift */ = {isa = PBXFileReference; lastKnownFileType = sourcecode.swift; path = AvecBois.swift; sourceTree = "<group>"; };
		8C0A953824696D940012999C /* ChoosedWood.swift */ = {isa = PBXFileReference; lastKnownFileType = sourcecode.swift; path = ChoosedWood.swift; sourceTree = "<group>"; };
		8C4235E1246A87E600EDB024 /* CategoriesDechetsView.swift */ = {isa = PBXFileReference; lastKnownFileType = sourcecode.swift; path = CategoriesDechetsView.swift; sourceTree = "<group>"; };
		8C4235EB246AD73600EDB024 /* Categorie2View.swift */ = {isa = PBXFileReference; lastKnownFileType = sourcecode.swift; path = Categorie2View.swift; sourceTree = "<group>"; };
		8CE054F0246BF30E009F9A79 /* SBSwiftUIView.swift */ = {isa = PBXFileReference; lastKnownFileType = sourcecode.swift; path = SBSwiftUIView.swift; sourceTree = "<group>"; };
/* End PBXFileReference section */

/* Begin PBXFrameworksBuildPhase section */
		6B41C344246428F500CB5EEF /* Frameworks */ = {
			isa = PBXFrameworksBuildPhase;
			buildActionMask = 2147483647;
			files = (
			);
			runOnlyForDeploymentPostprocessing = 0;
		};
/* End PBXFrameworksBuildPhase section */

/* Begin PBXGroup section */
		02388FE5246A8736004B3B90 /* categorie */ = {
			isa = PBXGroup;
			children = (
				02388FE324698CB9004B3B90 /* CategorieSort.swift */,
				02388FE124693E02004B3B90 /* categorie.swift */,
				02388FEC246AA4E6004B3B90 /* ButtonJeter.swift */,
				02388FEA246AA2C7004B3B90 /* ButtonRepar.swift */,
			);
			path = categorie;
			sourceTree = "<group>";
		};
		6B41C33E246428F500CB5EEF = {
			isa = PBXGroup;
			children = (
				6B41C349246428F500CB5EEF /* recyclaid */,
				6B41C348246428F500CB5EEF /* Products */,
			);
			sourceTree = "<group>";
		};
		6B41C348246428F500CB5EEF /* Products */ = {
			isa = PBXGroup;
			children = (
				6B41C347246428F500CB5EEF /* recyclaid.app */,
			);
			name = Products;
			sourceTree = "<group>";
		};
		6B41C349246428F500CB5EEF /* recyclaid */ = {
			isa = PBXGroup;
			children = (
				6B41C34A246428F500CB5EEF /* AppDelegate.swift */,
				6B41C34C246428F500CB5EEF /* SceneDelegate.swift */,
				6B41C34E246428F500CB5EEF /* ContentView.swift */,
				8CE054F0246BF30E009F9A79 /* SBSwiftUIView.swift */,
				8C4235E1246A87E600EDB024 /* CategoriesDechetsView.swift */,
				8C0A953624696C230012999C /* AvecBois.swift */,
				8C0A953824696D940012999C /* ChoosedWood.swift */,
				8C0A9530246941070012999C /* Color+extension.swift */,
				8C0A95322469418D0012999C /* CategorieView.swift */,
				8C4235EB246AD73600EDB024 /* Categorie2View.swift */,
				8C0A9534246941DB0012999C /* CategoriesData.swift */,
				02388FE5246A8736004B3B90 /* categorie */,
				6B41C350246428F700CB5EEF /* Assets.xcassets */,
				6B41C355246428F700CB5EEF /* LaunchScreen.storyboard */,
				6B41C358246428F700CB5EEF /* Info.plist */,
				6B41C352246428F700CB5EEF /* Preview Content */,
			);
			path = recyclaid;
			sourceTree = "<group>";
		};
		6B41C352246428F700CB5EEF /* Preview Content */ = {
			isa = PBXGroup;
			children = (
				6B41C353246428F700CB5EEF /* Preview Assets.xcassets */,
			);
			path = "Preview Content";
			sourceTree = "<group>";
		};
/* End PBXGroup section */

/* Begin PBXNativeTarget section */
		6B41C346246428F500CB5EEF /* recyclaid */ = {
			isa = PBXNativeTarget;
			buildConfigurationList = 6B41C35B246428F700CB5EEF /* Build configuration list for PBXNativeTarget "recyclaid" */;
			buildPhases = (
				6B41C343246428F500CB5EEF /* Sources */,
				6B41C344246428F500CB5EEF /* Frameworks */,
				6B41C345246428F500CB5EEF /* Resources */,
			);
			buildRules = (
			);
			dependencies = (
			);
			name = recyclaid;
			productName = recyclaid;
			productReference = 6B41C347246428F500CB5EEF /* recyclaid.app */;
			productType = "com.apple.product-type.application";
		};
/* End PBXNativeTarget section */

/* Begin PBXProject section */
		6B41C33F246428F500CB5EEF /* Project object */ = {
			isa = PBXProject;
			attributes = {
				LastSwiftUpdateCheck = 1140;
				LastUpgradeCheck = 1140;
				ORGANIZATIONNAME = "Kerbach Rachid";
				TargetAttributes = {
					6B41C346246428F500CB5EEF = {
						CreatedOnToolsVersion = 11.4.1;
					};
				};
			};
			buildConfigurationList = 6B41C342246428F500CB5EEF /* Build configuration list for PBXProject "recyclaid" */;
			compatibilityVersion = "Xcode 9.3";
			developmentRegion = en;
			hasScannedForEncodings = 0;
			knownRegions = (
				en,
				Base,
			);
			mainGroup = 6B41C33E246428F500CB5EEF;
			productRefGroup = 6B41C348246428F500CB5EEF /* Products */;
			projectDirPath = "";
			projectRoot = "";
			targets = (
				6B41C346246428F500CB5EEF /* recyclaid */,
			);
		};
/* End PBXProject section */

/* Begin PBXResourcesBuildPhase section */
		6B41C345246428F500CB5EEF /* Resources */ = {
			isa = PBXResourcesBuildPhase;
			buildActionMask = 2147483647;
			files = (
				6B41C357246428F700CB5EEF /* LaunchScreen.storyboard in Resources */,
				6B41C354246428F700CB5EEF /* Preview Assets.xcassets in Resources */,
				6B41C351246428F700CB5EEF /* Assets.xcassets in Resources */,
			);
			runOnlyForDeploymentPostprocessing = 0;
		};
/* End PBXResourcesBuildPhase section */

/* Begin PBXSourcesBuildPhase section */
		6B41C343246428F500CB5EEF /* Sources */ = {
			isa = PBXSourcesBuildPhase;
			buildActionMask = 2147483647;
			files = (
				6B41C34B246428F500CB5EEF /* AppDelegate.swift in Sources */,
				02388FE224693E02004B3B90 /* categorie.swift in Sources */,
				8CE054F1246BF30E009F9A79 /* SBSwiftUIView.swift in Sources */,
				8C0A95332469418D0012999C /* CategorieView.swift in Sources */,
				8C4235EC246AD73600EDB024 /* Categorie2View.swift in Sources */,
				8C4235E2246A87E600EDB024 /* CategoriesDechetsView.swift in Sources */,
				02388FE424698CB9004B3B90 /* CategorieSort.swift in Sources */,
				8C0A953924696D940012999C /* ChoosedWood.swift in Sources */,
				02388FED246AA4E6004B3B90 /* ButtonJeter.swift in Sources */,
				8C0A9531246941070012999C /* Color+extension.swift in Sources */,
				02388FEB246AA2C7004B3B90 /* ButtonRepar.swift in Sources */,
				6B41C34D246428F500CB5EEF /* SceneDelegate.swift in Sources */,
				8C0A953724696C230012999C /* AvecBois.swift in Sources */,
				6B41C34F246428F500CB5EEF /* ContentView.swift in Sources */,
				8C0A9535246941DB0012999C /* CategoriesData.swift in Sources */,
			);
			runOnlyForDeploymentPostprocessing = 0;
		};
/* End PBXSourcesBuildPhase section */

/* Begin PBXVariantGroup section */
		6B41C355246428F700CB5EEF /* LaunchScreen.storyboard */ = {
			isa = PBXVariantGroup;
			children = (
				6B41C356246428F700CB5EEF /* Base */,
			);
			name = LaunchScreen.storyboard;
			sourceTree = "<group>";
		};
/* End PBXVariantGroup section */

/* Begin XCBuildConfiguration section */
		6B41C359246428F700CB5EEF /* Debug */ = {
			isa = XCBuildConfiguration;
			buildSettings = {
				ALWAYS_SEARCH_USER_PATHS = NO;
				CLANG_ANALYZER_NONNULL = YES;
				CLANG_ANALYZER_NUMBER_OBJECT_CONVERSION = YES_AGGRESSIVE;
				CLANG_CXX_LANGUAGE_STANDARD = "gnu++14";
				CLANG_CXX_LIBRARY = "libc++";
				CLANG_ENABLE_MODULES = YES;
				CLANG_ENABLE_OBJC_ARC = YES;
				CLANG_ENABLE_OBJC_WEAK = YES;
				CLANG_WARN_BLOCK_CAPTURE_AUTORELEASING = YES;
				CLANG_WARN_BOOL_CONVERSION = YES;
				CLANG_WARN_COMMA = YES;
				CLANG_WARN_CONSTANT_CONVERSION = YES;
				CLANG_WARN_DEPRECATED_OBJC_IMPLEMENTATIONS = YES;
				CLANG_WARN_DIRECT_OBJC_ISA_USAGE = YES_ERROR;
				CLANG_WARN_DOCUMENTATION_COMMENTS = YES;
				CLANG_WARN_EMPTY_BODY = YES;
				CLANG_WARN_ENUM_CONVERSION = YES;
				CLANG_WARN_INFINITE_RECURSION = YES;
				CLANG_WARN_INT_CONVERSION = YES;
				CLANG_WARN_NON_LITERAL_NULL_CONVERSION = YES;
				CLANG_WARN_OBJC_IMPLICIT_RETAIN_SELF = YES;
				CLANG_WARN_OBJC_LITERAL_CONVERSION = YES;
				CLANG_WARN_OBJC_ROOT_CLASS = YES_ERROR;
				CLANG_WARN_RANGE_LOOP_ANALYSIS = YES;
				CLANG_WARN_STRICT_PROTOTYPES = YES;
				CLANG_WARN_SUSPICIOUS_MOVE = YES;
				CLANG_WARN_UNGUARDED_AVAILABILITY = YES_AGGRESSIVE;
				CLANG_WARN_UNREACHABLE_CODE = YES;
				CLANG_WARN__DUPLICATE_METHOD_MATCH = YES;
				COPY_PHASE_STRIP = NO;
				DEBUG_INFORMATION_FORMAT = dwarf;
				ENABLE_STRICT_OBJC_MSGSEND = YES;
				ENABLE_TESTABILITY = YES;
				GCC_C_LANGUAGE_STANDARD = gnu11;
				GCC_DYNAMIC_NO_PIC = NO;
				GCC_NO_COMMON_BLOCKS = YES;
				GCC_OPTIMIZATION_LEVEL = 0;
				GCC_PREPROCESSOR_DEFINITIONS = (
					"DEBUG=1",
					"$(inherited)",
				);
				GCC_WARN_64_TO_32_BIT_CONVERSION = YES;
				GCC_WARN_ABOUT_RETURN_TYPE = YES_ERROR;
				GCC_WARN_UNDECLARED_SELECTOR = YES;
				GCC_WARN_UNINITIALIZED_AUTOS = YES_AGGRESSIVE;
				GCC_WARN_UNUSED_FUNCTION = YES;
				GCC_WARN_UNUSED_VARIABLE = YES;
				IPHONEOS_DEPLOYMENT_TARGET = 13.4;
				MTL_ENABLE_DEBUG_INFO = INCLUDE_SOURCE;
				MTL_FAST_MATH = YES;
				ONLY_ACTIVE_ARCH = YES;
				SDKROOT = iphoneos;
				SWIFT_ACTIVE_COMPILATION_CONDITIONS = DEBUG;
				SWIFT_OPTIMIZATION_LEVEL = "-Onone";
			};
			name = Debug;
		};
		6B41C35A246428F700CB5EEF /* Release */ = {
			isa = XCBuildConfiguration;
			buildSettings = {
				ALWAYS_SEARCH_USER_PATHS = NO;
				CLANG_ANALYZER_NONNULL = YES;
				CLANG_ANALYZER_NUMBER_OBJECT_CONVERSION = YES_AGGRESSIVE;
				CLANG_CXX_LANGUAGE_STANDARD = "gnu++14";
				CLANG_CXX_LIBRARY = "libc++";
				CLANG_ENABLE_MODULES = YES;
				CLANG_ENABLE_OBJC_ARC = YES;
				CLANG_ENABLE_OBJC_WEAK = YES;
				CLANG_WARN_BLOCK_CAPTURE_AUTORELEASING = YES;
				CLANG_WARN_BOOL_CONVERSION = YES;
				CLANG_WARN_COMMA = YES;
				CLANG_WARN_CONSTANT_CONVERSION = YES;
				CLANG_WARN_DEPRECATED_OBJC_IMPLEMENTATIONS = YES;
				CLANG_WARN_DIRECT_OBJC_ISA_USAGE = YES_ERROR;
				CLANG_WARN_DOCUMENTATION_COMMENTS = YES;
				CLANG_WARN_EMPTY_BODY = YES;
				CLANG_WARN_ENUM_CONVERSION = YES;
				CLANG_WARN_INFINITE_RECURSION = YES;
				CLANG_WARN_INT_CONVERSION = YES;
				CLANG_WARN_NON_LITERAL_NULL_CONVERSION = YES;
				CLANG_WARN_OBJC_IMPLICIT_RETAIN_SELF = YES;
				CLANG_WARN_OBJC_LITERAL_CONVERSION = YES;
				CLANG_WARN_OBJC_ROOT_CLASS = YES_ERROR;
				CLANG_WARN_RANGE_LOOP_ANALYSIS = YES;
				CLANG_WARN_STRICT_PROTOTYPES = YES;
				CLANG_WARN_SUSPICIOUS_MOVE = YES;
				CLANG_WARN_UNGUARDED_AVAILABILITY = YES_AGGRESSIVE;
				CLANG_WARN_UNREACHABLE_CODE = YES;
				CLANG_WARN__DUPLICATE_METHOD_MATCH = YES;
				COPY_PHASE_STRIP = NO;
				DEBUG_INFORMATION_FORMAT = "dwarf-with-dsym";
				ENABLE_NS_ASSERTIONS = NO;
				ENABLE_STRICT_OBJC_MSGSEND = YES;
				GCC_C_LANGUAGE_STANDARD = gnu11;
				GCC_NO_COMMON_BLOCKS = YES;
				GCC_WARN_64_TO_32_BIT_CONVERSION = YES;
				GCC_WARN_ABOUT_RETURN_TYPE = YES_ERROR;
				GCC_WARN_UNDECLARED_SELECTOR = YES;
				GCC_WARN_UNINITIALIZED_AUTOS = YES_AGGRESSIVE;
				GCC_WARN_UNUSED_FUNCTION = YES;
				GCC_WARN_UNUSED_VARIABLE = YES;
				IPHONEOS_DEPLOYMENT_TARGET = 13.4;
				MTL_ENABLE_DEBUG_INFO = NO;
				MTL_FAST_MATH = YES;
				SDKROOT = iphoneos;
				SWIFT_COMPILATION_MODE = wholemodule;
				SWIFT_OPTIMIZATION_LEVEL = "-O";
				VALIDATE_PRODUCT = YES;
			};
			name = Release;
		};
		6B41C35C246428F700CB5EEF /* Debug */ = {
			isa = XCBuildConfiguration;
			buildSettings = {
				ASSETCATALOG_COMPILER_APPICON_NAME = AppIcon;
				CODE_SIGN_STYLE = Automatic;
				DEVELOPMENT_ASSET_PATHS = "\"recyclaid/Preview Content\"";
				ENABLE_PREVIEWS = YES;
				INFOPLIST_FILE = recyclaid/Info.plist;
				LD_RUNPATH_SEARCH_PATHS = (
					"$(inherited)",
					"@executable_path/Frameworks",
				);
				PRODUCT_BUNDLE_IDENTIFIER = kerbach.recyclaid;
				PRODUCT_NAME = "$(TARGET_NAME)";
				SWIFT_VERSION = 5.0;
				TARGETED_DEVICE_FAMILY = "1,2";
			};
			name = Debug;
		};
		6B41C35D246428F700CB5EEF /* Release */ = {
			isa = XCBuildConfiguration;
			buildSettings = {
				ASSETCATALOG_COMPILER_APPICON_NAME = AppIcon;
				CODE_SIGN_STYLE = Automatic;
				DEVELOPMENT_ASSET_PATHS = "\"recyclaid/Preview Content\"";
				ENABLE_PREVIEWS = YES;
				INFOPLIST_FILE = recyclaid/Info.plist;
				LD_RUNPATH_SEARCH_PATHS = (
					"$(inherited)",
					"@executable_path/Frameworks",
				);
				PRODUCT_BUNDLE_IDENTIFIER = kerbach.recyclaid;
				PRODUCT_NAME = "$(TARGET_NAME)";
				SWIFT_VERSION = 5.0;
				TARGETED_DEVICE_FAMILY = "1,2";
			};
			name = Release;
		};
/* End XCBuildConfiguration section */

/* Begin XCConfigurationList section */
		6B41C342246428F500CB5EEF /* Build configuration list for PBXProject "recyclaid" */ = {
			isa = XCConfigurationList;
			buildConfigurations = (
				6B41C359246428F700CB5EEF /* Debug */,
				6B41C35A246428F700CB5EEF /* Release */,
			);
			defaultConfigurationIsVisible = 0;
			defaultConfigurationName = Release;
		};
		6B41C35B246428F700CB5EEF /* Build configuration list for PBXNativeTarget "recyclaid" */ = {
			isa = XCConfigurationList;
			buildConfigurations = (
				6B41C35C246428F700CB5EEF /* Debug */,
				6B41C35D246428F700CB5EEF /* Release */,
			);
			defaultConfigurationIsVisible = 0;
			defaultConfigurationName = Release;
		};
/* End XCConfigurationList section */
	};
	rootObject = 6B41C33F246428F500CB5EEF /* Project object */;
}
